
Microsoft Visual Studio Solution File, Format Version 12.00
# Visual Studio Version 17
VisualStudioVersion = 17.7.34024.191
MinimumVisualStudioVersion = 10.0.40219.1
Project("{FAE04EC0-301F-11D3-BF4B-00C04F79EFBC}") = "Hero's Journey Game", "Hero's Journey Game\Hero's Journey Game.csproj", "{0C73F37B-C289-4495-B567-A9FBC21D76E8}"
EndProject
Project("{2150E333-8FDC-42A3-9474-1A3956D46DE8}") = "Solution Items", "Solution Items", "{93590AE7-3EAF-46E7-AEB1-C8A0C94A20C8}"
	ProjectSection(SolutionItems) = preProject
		GameWorld.cs = GameWorld.cs
	EndProjectSection
EndProject
Global
	GlobalSection(SolutionConfigurationPlatforms) = preSolution
		Debug|Any CPU = Debug|Any CPU
		Release|Any CPU = Release|Any CPU
	EndGlobalSection
	GlobalSection(ProjectConfigurationPlatforms) = postSolution
		{0C73F37B-C289-4495-B567-A9FBC21D76E8}.Debug|Any CPU.ActiveCfg = Debug|Any CPU
		{0C73F37B-C289-4495-B567-A9FBC21D76E8}.Debug|Any CPU.Build.0 = Debug|Any CPU
		{0C73F37B-C289-4495-B567-A9FBC21D76E8}.Release|Any CPU.ActiveCfg = Release|Any CPU
		{0C73F37B-C289-4495-B567-A9FBC21D76E8}.Release|Any CPU.Build.0 = Release|Any CPU
	EndGlobalSection
	GlobalSection(SolutionProperties) = preSolution
		HideSolutionNode = FALSE
	EndGlobalSection
	GlobalSection(ExtensibilityGlobals) = postSolution
		SolutionGuid = {E8F6C9E6-BD75-47E7-B795-990AE16E22AB}
	EndGlobalSection
EndGlobal
